
Microsoft Visual Studio Solution File, Format Version 12.00
# Visual Studio Version 16
VisualStudioVersion = 16.0.28822.285
MinimumVisualStudioVersion = 10.0.40219.1
Project("{9A19103F-16F7-4668-BE54-9A1E7A4F7556}") = "MetaTraderStrategies", "MetaTraderStrategies\MetaTraderStrategies.csproj", "{C02F2161-526D-403B-A758-F480557A7E4E}"
EndProject
Project("{FAE04EC0-301F-11D3-BF4B-00C04F79EFBC}") = "TestingResultsAnalyzer", "TestingResultsAnalyzer\TestingResultsAnalyzer.csproj", "{3F218902-F886-4BC0-BDAC-F369C8CA5AD6}"
EndProject
Project("{FAE04EC0-301F-11D3-BF4B-00C04F79EFBC}") = "cAlgo.Library", "cAlgo.Library\cAlgo.Library.csproj", "{C3B3D89B-13D0-455A-9C64-FBC31111567F}"
EndProject
Project("{FAE04EC0-301F-11D3-BF4B-00C04F79EFBC}") = "TrendTestingResultsAnalyzer", "TrendTestingResultsAnalyzer\TrendTestingResultsAnalyzer.csproj", "{B499E4C7-60D4-4688-9C94-0036DB723B5E}"
EndProject
Project("{FAE04EC0-301F-11D3-BF4B-00C04F79EFBC}") = "Powder.TradingLibrary", "Powder.TradingLibrary\Powder.TradingLibrary.csproj", "{B8A11471-C3FE-41B2-A825-CF9622950D51}"
EndProject
Project("{9A19103F-16F7-4668-BE54-9A1E7A4F7556}") = "cTrader.Deploy", "cTrader.Deploy\cTrader.Deploy.csproj", "{49C17846-6523-4C3B-AFEE-1827C92CCC10}"
EndProject
Project("{FAE04EC0-301F-11D3-BF4B-00C04F79EFBC}") = "cTrader.DesktopNotifications", "cTrader.DesktopNotifications\cTrader.DesktopNotifications.csproj", "{DB341BC0-B33E-4098-88A1-73CAD272DF79}"
EndProject
Global
	GlobalSection(SolutionConfigurationPlatforms) = preSolution
		Debug|Any CPU = Debug|Any CPU
		Release|Any CPU = Release|Any CPU
	EndGlobalSection
	GlobalSection(ProjectConfigurationPlatforms) = postSolution
		{C02F2161-526D-403B-A758-F480557A7E4E}.Debug|Any CPU.ActiveCfg = Debug|Any CPU
		{C02F2161-526D-403B-A758-F480557A7E4E}.Release|Any CPU.ActiveCfg = Release|Any CPU
		{C02F2161-526D-403B-A758-F480557A7E4E}.Release|Any CPU.Build.0 = Release|Any CPU
		{3F218902-F886-4BC0-BDAC-F369C8CA5AD6}.Debug|Any CPU.ActiveCfg = Debug|Any CPU
		{3F218902-F886-4BC0-BDAC-F369C8CA5AD6}.Debug|Any CPU.Build.0 = Debug|Any CPU
		{3F218902-F886-4BC0-BDAC-F369C8CA5AD6}.Release|Any CPU.ActiveCfg = Release|Any CPU
		{3F218902-F886-4BC0-BDAC-F369C8CA5AD6}.Release|Any CPU.Build.0 = Release|Any CPU
		{C3B3D89B-13D0-455A-9C64-FBC31111567F}.Debug|Any CPU.ActiveCfg = Debug|Any CPU
		{C3B3D89B-13D0-455A-9C64-FBC31111567F}.Debug|Any CPU.Build.0 = Debug|Any CPU
		{C3B3D89B-13D0-455A-9C64-FBC31111567F}.Release|Any CPU.ActiveCfg = Release|Any CPU
		{C3B3D89B-13D0-455A-9C64-FBC31111567F}.Release|Any CPU.Build.0 = Release|Any CPU
		{B499E4C7-60D4-4688-9C94-0036DB723B5E}.Debug|Any CPU.ActiveCfg = Debug|Any CPU
		{B499E4C7-60D4-4688-9C94-0036DB723B5E}.Debug|Any CPU.Build.0 = Debug|Any CPU
		{B499E4C7-60D4-4688-9C94-0036DB723B5E}.Release|Any CPU.ActiveCfg = Release|Any CPU
		{B499E4C7-60D4-4688-9C94-0036DB723B5E}.Release|Any CPU.Build.0 = Release|Any CPU
		{B8A11471-C3FE-41B2-A825-CF9622950D51}.Debug|Any CPU.ActiveCfg = Debug|Any CPU
		{B8A11471-C3FE-41B2-A825-CF9622950D51}.Debug|Any CPU.Build.0 = Debug|Any CPU
		{B8A11471-C3FE-41B2-A825-CF9622950D51}.Release|Any CPU.ActiveCfg = Release|Any CPU
		{B8A11471-C3FE-41B2-A825-CF9622950D51}.Release|Any CPU.Build.0 = Release|Any CPU
		{49C17846-6523-4C3B-AFEE-1827C92CCC10}.Debug|Any CPU.ActiveCfg = Debug|Any CPU
		{49C17846-6523-4C3B-AFEE-1827C92CCC10}.Debug|Any CPU.Build.0 = Debug|Any CPU
		{49C17846-6523-4C3B-AFEE-1827C92CCC10}.Release|Any CPU.ActiveCfg = Release|Any CPU
		{49C17846-6523-4C3B-AFEE-1827C92CCC10}.Release|Any CPU.Build.0 = Release|Any CPU
		{DB341BC0-B33E-4098-88A1-73CAD272DF79}.Debug|Any CPU.ActiveCfg = Debug|Any CPU
		{DB341BC0-B33E-4098-88A1-73CAD272DF79}.Debug|Any CPU.Build.0 = Debug|Any CPU
		{DB341BC0-B33E-4098-88A1-73CAD272DF79}.Release|Any CPU.ActiveCfg = Release|Any CPU
		{DB341BC0-B33E-4098-88A1-73CAD272DF79}.Release|Any CPU.Build.0 = Release|Any CPU
	EndGlobalSection
	GlobalSection(SolutionProperties) = preSolution
		HideSolutionNode = FALSE
	EndGlobalSection
	GlobalSection(ExtensibilityGlobals) = postSolution
		SolutionGuid = {CDA6D8BE-C48C-41E4-B952-C1A6A03CDE4F}
	EndGlobalSection
EndGlobal
